
Microsoft Visual Studio Solution File, Format Version 12.00
# Visual Studio Version 17
VisualStudioVersion = 17.5.33627.172
MinimumVisualStudioVersion = 10.0.40219.1
Project("{54A90642-561A-4BB1-A94E-469ADEE60C69}") = "Concord.WebPortal.SPA", "Concord.WebPortal.SPA\Concord.WebPortal.SPA.esproj", "{FBA90112-095F-4595-B0F4-83DE6D1B1225}"
EndProject
Project("{9A19103F-16F7-4668-BE54-9A1E7A4F7556}") = "Concord.WebPortal.WebApi", "Concord.WebPortal.WebAPI\Concord.WebPortal.WebApi.csproj", "{B57EA821-EE13-4F7E-A921-29123CF7507B}"
EndProject
Global
	GlobalSection(SolutionConfigurationPlatforms) = preSolution
		Debug|Any CPU = Debug|Any CPU
		Release|Any CPU = Release|Any CPU
	EndGlobalSection
	GlobalSection(ProjectConfigurationPlatforms) = postSolution
		{FBA90112-095F-4595-B0F4-83DE6D1B1225}.Debug|Any CPU.ActiveCfg = Debug|Any CPU
		{FBA90112-095F-4595-B0F4-83DE6D1B1225}.Debug|Any CPU.Build.0 = Debug|Any CPU
		{FBA90112-095F-4595-B0F4-83DE6D1B1225}.Debug|Any CPU.Deploy.0 = Debug|Any CPU
		{FBA90112-095F-4595-B0F4-83DE6D1B1225}.Release|Any CPU.ActiveCfg = Release|Any CPU
		{FBA90112-095F-4595-B0F4-83DE6D1B1225}.Release|Any CPU.Build.0 = Release|Any CPU
		{FBA90112-095F-4595-B0F4-83DE6D1B1225}.Release|Any CPU.Deploy.0 = Release|Any CPU
		{B57EA821-EE13-4F7E-A921-29123CF7507B}.Debug|Any CPU.ActiveCfg = Debug|Any CPU
		{B57EA821-EE13-4F7E-A921-29123CF7507B}.Debug|Any CPU.Build.0 = Debug|Any CPU
		{B57EA821-EE13-4F7E-A921-29123CF7507B}.Release|Any CPU.ActiveCfg = Release|Any CPU
		{B57EA821-EE13-4F7E-A921-29123CF7507B}.Release|Any CPU.Build.0 = Release|Any CPU
	EndGlobalSection
	GlobalSection(SolutionProperties) = preSolution
		HideSolutionNode = FALSE
	EndGlobalSection
	GlobalSection(ExtensibilityGlobals) = postSolution
		SolutionGuid = {76C196D3-1B41-4051-B900-B897E2852FE7}
	EndGlobalSection
EndGlobal
